
Microsoft Visual Studio Solution File, Format Version 12.00
# Visual Studio Version 17
VisualStudioVersion = 17.7.34202.233
MinimumVisualStudioVersion = 10.0.40219.1
Project("{9A19103F-16F7-4668-BE54-9A1E7A4F7556}") = "EkstremHava", "EkstremHava\EkstremHava.csproj", "{45C5137A-DE76-4456-A2EB-A4308C0DCA57}"
EndProject
Global
	GlobalSection(SolutionConfigurationPlatforms) = preSolution
		Debug|Any CPU = Debug|Any CPU
		Release|Any CPU = Release|Any CPU
	EndGlobalSection
	GlobalSection(ProjectConfigurationPlatforms) = postSolution
		{45C5137A-DE76-4456-A2EB-A4308C0DCA57}.Debug|Any CPU.ActiveCfg = Debug|Any CPU
		{45C5137A-DE76-4456-A2EB-A4308C0DCA57}.Debug|Any CPU.Build.0 = Debug|Any CPU
		{45C5137A-DE76-4456-A2EB-A4308C0DCA57}.Release|Any CPU.ActiveCfg = Release|Any CPU
		{45C5137A-DE76-4456-A2EB-A4308C0DCA57}.Release|Any CPU.Build.0 = Release|Any CPU
	EndGlobalSection
	GlobalSection(SolutionProperties) = preSolution
		HideSolutionNode = FALSE
	EndGlobalSection
	GlobalSection(ExtensibilityGlobals) = postSolution
		SolutionGuid = {9D03823F-17F8-4A07-B770-21F0814026DE}
	EndGlobalSection
EndGlobal
